
Microsoft Visual Studio Solution File, Format Version 12.00
# Visual Studio 15
VisualStudioVersion = 15.0.28307.645
MinimumVisualStudioVersion = 10.0.40219.1
Project("{FAE04EC0-301F-11D3-BF4B-00C04F79EFBC}") = "SportsStore", "SportsStore\SportsStore.csproj", "{1F197C3F-9246-401A-91E8-2DCD5E850630}"
EndProject
Project("{FAE04EC0-301F-11D3-BF4B-00C04F79EFBC}") = "SportsStore.Tests", "SportsStore.Tests\SportsStore.Tests.csproj", "{77057343-8D02-43BC-B542-12E8DC8CBAC5}"
EndProject
Global
	GlobalSection(SolutionConfigurationPlatforms) = preSolution
		Debug|Any CPU = Debug|Any CPU
		Debug|ARM = Debug|ARM
		Debug|ARM64 = Debug|ARM64
		Debug|x64 = Debug|x64
		Debug|x86 = Debug|x86
		Release|Any CPU = Release|Any CPU
		Release|ARM = Release|ARM
		Release|ARM64 = Release|ARM64
		Release|x64 = Release|x64
		Release|x86 = Release|x86
	EndGlobalSection
	GlobalSection(ProjectConfigurationPlatforms) = postSolution
		{1F197C3F-9246-401A-91E8-2DCD5E850630}.Debug|Any CPU.ActiveCfg = Debug|Any CPU
		{1F197C3F-9246-401A-91E8-2DCD5E850630}.Debug|Any CPU.Build.0 = Debug|Any CPU
		{1F197C3F-9246-401A-91E8-2DCD5E850630}.Debug|ARM.ActiveCfg = Debug|Any CPU
		{1F197C3F-9246-401A-91E8-2DCD5E850630}.Debug|ARM.Build.0 = Debug|Any CPU
		{1F197C3F-9246-401A-91E8-2DCD5E850630}.Debug|ARM64.ActiveCfg = Debug|Any CPU
		{1F197C3F-9246-401A-91E8-2DCD5E850630}.Debug|ARM64.Build.0 = Debug|Any CPU
		{1F197C3F-9246-401A-91E8-2DCD5E850630}.Debug|x64.ActiveCfg = Debug|Any CPU
		{1F197C3F-9246-401A-91E8-2DCD5E850630}.Debug|x64.Build.0 = Debug|Any CPU
		{1F197C3F-9246-401A-91E8-2DCD5E850630}.Debug|x86.ActiveCfg = Debug|Any CPU
		{1F197C3F-9246-401A-91E8-2DCD5E850630}.Debug|x86.Build.0 = Debug|Any CPU
		{1F197C3F-9246-401A-91E8-2DCD5E850630}.Release|Any CPU.ActiveCfg = Release|Any CPU
		{1F197C3F-9246-401A-91E8-2DCD5E850630}.Release|Any CPU.Build.0 = Release|Any CPU
		{1F197C3F-9246-401A-91E8-2DCD5E850630}.Release|ARM.ActiveCfg = Release|Any CPU
		{1F197C3F-9246-401A-91E8-2DCD5E850630}.Release|ARM.Build.0 = Release|Any CPU
		{1F197C3F-9246-401A-91E8-2DCD5E850630}.Release|ARM64.ActiveCfg = Release|Any CPU
		{1F197C3F-9246-401A-91E8-2DCD5E850630}.Release|ARM64.Build.0 = Release|Any CPU
		{1F197C3F-9246-401A-91E8-2DCD5E850630}.Release|x64.ActiveCfg = Release|Any CPU
		{1F197C3F-9246-401A-91E8-2DCD5E850630}.Release|x64.Build.0 = Release|Any CPU
		{1F197C3F-9246-401A-91E8-2DCD5E850630}.Release|x86.ActiveCfg = Release|Any CPU
		{1F197C3F-9246-401A-91E8-2DCD5E850630}.Release|x86.Build.0 = Release|Any CPU
		{77057343-8D02-43BC-B542-12E8DC8CBAC5}.Debug|Any CPU.ActiveCfg = Debug|Any CPU
		{77057343-8D02-43BC-B542-12E8DC8CBAC5}.Debug|Any CPU.Build.0 = Debug|Any CPU
		{77057343-8D02-43BC-B542-12E8DC8CBAC5}.Debug|ARM.ActiveCfg = Debug|Any CPU
		{77057343-8D02-43BC-B542-12E8DC8CBAC5}.Debug|ARM.Build.0 = Debug|Any CPU
		{77057343-8D02-43BC-B542-12E8DC8CBAC5}.Debug|ARM64.ActiveCfg = Debug|Any CPU
		{77057343-8D02-43BC-B542-12E8DC8CBAC5}.Debug|ARM64.Build.0 = Debug|Any CPU
		{77057343-8D02-43BC-B542-12E8DC8CBAC5}.Debug|x64.ActiveCfg = Debug|Any CPU
		{77057343-8D02-43BC-B542-12E8DC8CBAC5}.Debug|x64.Build.0 = Debug|Any CPU
		{77057343-8D02-43BC-B542-12E8DC8CBAC5}.Debug|x86.ActiveCfg = Debug|Any CPU
		{77057343-8D02-43BC-B542-12E8DC8CBAC5}.Debug|x86.Build.0 = Debug|Any CPU
		{77057343-8D02-43BC-B542-12E8DC8CBAC5}.Release|Any CPU.ActiveCfg = Release|Any CPU
		{77057343-8D02-43BC-B542-12E8DC8CBAC5}.Release|Any CPU.Build.0 = Release|Any CPU
		{77057343-8D02-43BC-B542-12E8DC8CBAC5}.Release|ARM.ActiveCfg = Release|Any CPU
		{77057343-8D02-43BC-B542-12E8DC8CBAC5}.Release|ARM.Build.0 = Release|Any CPU
		{77057343-8D02-43BC-B542-12E8DC8CBAC5}.Release|ARM64.ActiveCfg = Release|Any CPU
		{77057343-8D02-43BC-B542-12E8DC8CBAC5}.Release|ARM64.Build.0 = Release|Any CPU
		{77057343-8D02-43BC-B542-12E8DC8CBAC5}.Release|x64.ActiveCfg = Release|Any CPU
		{77057343-8D02-43BC-B542-12E8DC8CBAC5}.Release|x64.Build.0 = Release|Any CPU
		{77057343-8D02-43BC-B542-12E8DC8CBAC5}.Release|x86.ActiveCfg = Release|Any CPU
		{77057343-8D02-43BC-B542-12E8DC8CBAC5}.Release|x86.Build.0 = Release|Any CPU
	EndGlobalSection
	GlobalSection(SolutionProperties) = preSolution
		HideSolutionNode = FALSE
	EndGlobalSection
	GlobalSection(ExtensibilityGlobals) = postSolution
		SolutionGuid = {92A38D98-0954-46D2-A61D-F6432CAD7F48}
	EndGlobalSection
EndGlobal
